// !$*UTF8*$!
{
	archiveVersion = 1;
	classes = {
	};
	objectVersion = 48;
	objects = {

/* Begin PBXBuildFile section */
		E4107838202C1CF700996BD6 /* AppDelegate.m in Sources */ = {isa = PBXBuildFile; fileRef = E4107837202C1CF700996BD6 /* AppDelegate.m */; };
		E410783B202C1CF700996BD6 /* ViewController.m in Sources */ = {isa = PBXBuildFile; fileRef = E410783A202C1CF700996BD6 /* ViewController.m */; };
		E410783E202C1CF700996BD6 /* Main.storyboard in Resources */ = {isa = PBXBuildFile; fileRef = E410783C202C1CF700996BD6 /* Main.storyboard */; };
		E4107840202C1CF700996BD6 /* Assets.xcassets in Resources */ = {isa = PBXBuildFile; fileRef = E410783F202C1CF700996BD6 /* Assets.xcassets */; };
		E4107843202C1CF700996BD6 /* LaunchScreen.storyboard in Resources */ = {isa = PBXBuildFile; fileRef = E4107841202C1CF700996BD6 /* LaunchScreen.storyboard */; };
		E4107846202C1CF700996BD6 /* main.m in Sources */ = {isa = PBXBuildFile; fileRef = E4107845202C1CF700996BD6 /* main.m */; };
		E4107850202C1CF800996BD6 /* gradientBorderTests.m in Sources */ = {isa = PBXBuildFile; fileRef = E410784F202C1CF800996BD6 /* gradientBorderTests.m */; };
		E410785B202C1CF800996BD6 /* gradientBorderUITests.m in Sources */ = {isa = PBXBuildFile; fileRef = E410785A202C1CF800996BD6 /* gradientBorderUITests.m */; };
/* End PBXBuildFile section */

/* Begin PBXContainerItemProxy section */
		E410784C202C1CF800996BD6 /* PBXContainerItemProxy */ = {
			isa = PBXContainerItemProxy;
			containerPortal = E410782B202C1CF700996BD6 /* Project object */;
			proxyType = 1;
			remoteGlobalIDString = E4107832202C1CF700996BD6;
			remoteInfo = gradientBorder;
		};
		E4107857202C1CF800996BD6 /* PBXContainerItemProxy */ = {
			isa = PBXContainerItemProxy;
			containerPortal = E410782B202C1CF700996BD6 /* Project object */;
			proxyType = 1;
			remoteGlobalIDString = E4107832202C1CF700996BD6;
			remoteInfo = gradientBorder;
		};
/* End PBXContainerItemProxy section */

/* Begin PBXFileReference section */
		E4107833202C1CF700996BD6 /* gradientBorder.app */ = {isa = PBXFileReference; explicitFileType = wrapper.application; includeInIndex = 0; path = gradientBorder.app; sourceTree = BUILT_PRODUCTS_DIR; };
		E4107836202C1CF700996BD6 /* AppDelegate.h */ = {isa = PBXFileReference; lastKnownFileType = sourcecode.c.h; path = AppDelegate.h; sourceTree = "<group>"; };
		E4107837202C1CF700996BD6 /* AppDelegate.m */ = {isa = PBXFileReference; lastKnownFileType = sourcecode.c.objc; path = AppDelegate.m; sourceTree = "<group>"; };
		E4107839202C1CF700996BD6 /* ViewController.h */ = {isa = PBXFileReference; lastKnownFileType = sourcecode.c.h; path = ViewController.h; sourceTree = "<group>"; };
		E410783A202C1CF700996BD6 /* ViewController.m */ = {isa = PBXFileReference; lastKnownFileType = sourcecode.c.objc; path = ViewController.m; sourceTree = "<group>"; };
		E410783D202C1CF700996BD6 /* Base */ = {isa = PBXFileReference; lastKnownFileType = file.storyboard; name = Base; path = Base.lproj/Main.storyboard; sourceTree = "<group>"; };
		E410783F202C1CF700996BD6 /* Assets.xcassets */ = {isa = PBXFileReference; lastKnownFileType = folder.assetcatalog; path = Assets.xcassets; sourceTree = "<group>"; };
		E4107842202C1CF700996BD6 /* Base */ = {isa = PBXFileReference; lastKnownFileType = file.storyboard; name = Base; path = Base.lproj/LaunchScreen.storyboard; sourceTree = "<group>"; };
		E4107844202C1CF700996BD6 /* Info.plist */ = {isa = PBXFileReference; lastKnownFileType = text.plist.xml; path = Info.plist; sourceTree = "<group>"; };
		E4107845202C1CF700996BD6 /* main.m */ = {isa = PBXFileReference; lastKnownFileType = sourcecode.c.objc; path = main.m; sourceTree = "<group>"; };
		E410784B202C1CF800996BD6 /* gradientBorderTests.xctest */ = {isa = PBXFileReference; explicitFileType = wrapper.cfbundle; includeInIndex = 0; path = gradientBorderTests.xctest; sourceTree = BUILT_PRODUCTS_DIR; };
		E410784F202C1CF800996BD6 /* gradientBorderTests.m */ = {isa = PBXFileReference; lastKnownFileType = sourcecode.c.objc; path = gradientBorderTests.m; sourceTree = "<group>"; };
		E4107851202C1CF800996BD6 /* Info.plist */ = {isa = PBXFileReference; lastKnownFileType = text.plist.xml; path = Info.plist; sourceTree = "<group>"; };
		E4107856202C1CF800996BD6 /* gradientBorderUITests.xctest */ = {isa = PBXFileReference; explicitFileType = wrapper.cfbundle; includeInIndex = 0; path = gradientBorderUITests.xctest; sourceTree = BUILT_PRODUCTS_DIR; };
		E410785A202C1CF800996BD6 /* gradientBorderUITests.m */ = {isa = PBXFileReference; lastKnownFileType = sourcecode.c.objc; path = gradientBorderUITests.m; sourceTree = "<group>"; };
		E410785C202C1CF800996BD6 /* Info.plist */ = {isa = PBXFileReference; lastKnownFileType = text.plist.xml; path = Info.plist; sourceTree = "<group>"; };
/* End PBXFileReference section */

/* Begin PBXFrameworksBuildPhase section */
		E4107830202C1CF700996BD6 /* Frameworks */ = {
			isa = PBXFrameworksBuildPhase;
			buildActionMask = 2147483647;
			files = (
			);
			runOnlyForDeploymentPostprocessing = 0;
		};
		E4107848202C1CF800996BD6 /* Frameworks */ = {
			isa = PBXFrameworksBuildPhase;
			buildActionMask = 2147483647;
			files = (
			);
			runOnlyForDeploymentPostprocessing = 0;
		};
		E4107853202C1CF800996BD6 /* Frameworks */ = {
			isa = PBXFrameworksBuildPhase;
			buildActionMask = 2147483647;
			files = (
			);
			runOnlyForDeploymentPostprocessing = 0;
		};
/* End PBXFrameworksBuildPhase section */

/* Begin PBXGroup section */
		E410782A202C1CF700996BD6 = {
			isa = PBXGroup;
			children = (
				E4107835202C1CF700996BD6 /* gradientBorder */,
				E410784E202C1CF800996BD6 /* gradientBorderTests */,
				E4107859202C1CF800996BD6 /* gradientBorderUITests */,
				E4107834202C1CF700996BD6 /* Products */,
			);
			sourceTree = "<group>";
		};
		E4107834202C1CF700996BD6 /* Products */ = {
			isa = PBXGroup;
			children = (
				E4107833202C1CF700996BD6 /* gradientBorder.app */,
				E410784B202C1CF800996BD6 /* gradientBorderTests.xctest */,
				E4107856202C1CF800996BD6 /* gradientBorderUITests.xctest */,
			);
			name = Products;
			sourceTree = "<group>";
		};
		E4107835202C1CF700996BD6 /* gradientBorder */ = {
			isa = PBXGroup;
			children = (
				E4107836202C1CF700996BD6 /* AppDelegate.h */,
				E4107837202C1CF700996BD6 /* AppDelegate.m */,
				E4107839202C1CF700996BD6 /* ViewController.h */,
				E410783A202C1CF700996BD6 /* ViewController.m */,
				E410783C202C1CF700996BD6 /* Main.storyboard */,
				E410783F202C1CF700996BD6 /* Assets.xcassets */,
				E4107841202C1CF700996BD6 /* LaunchScreen.storyboard */,
				E4107844202C1CF700996BD6 /* Info.plist */,
				E4107845202C1CF700996BD6 /* main.m */,
			);
			path = gradientBorder;
			sourceTree = "<group>";
		};
		E410784E202C1CF800996BD6 /* gradientBorderTests */ = {
			isa = PBXGroup;
			children = (
				E410784F202C1CF800996BD6 /* gradientBorderTests.m */,
				E4107851202C1CF800996BD6 /* Info.plist */,
			);
			path = gradientBorderTests;
			sourceTree = "<group>";
		};
		E4107859202C1CF800996BD6 /* gradientBorderUITests */ = {
			isa = PBXGroup;
			children = (
				E410785A202C1CF800996BD6 /* gradientBorderUITests.m */,
				E410785C202C1CF800996BD6 /* Info.plist */,
			);
			path = gradientBorderUITests;
			sourceTree = "<group>";
		};
/* End PBXGroup section */

/* Begin PBXNativeTarget section */
		E4107832202C1CF700996BD6 /* gradientBorder */ = {
			isa = PBXNativeTarget;
			buildConfigurationList = E410785F202C1CF800996BD6 /* Build configuration list for PBXNativeTarget "gradientBorder" */;
			buildPhases = (
				E410782F202C1CF700996BD6 /* Sources */,
				E4107830202C1CF700996BD6 /* Frameworks */,
				E4107831202C1CF700996BD6 /* Resources */,
			);
			buildRules = (
			);
			dependencies = (
			);
			name = gradientBorder;
			productName = gradientBorder;
			productReference = E4107833202C1CF700996BD6 /* gradientBorder.app */;
			productType = "com.apple.product-type.application";
		};
		E410784A202C1CF800996BD6 /* gradientBorderTests */ = {
			isa = PBXNativeTarget;
			buildConfigurationList = E4107862202C1CF800996BD6 /* Build configuration list for PBXNativeTarget "gradientBorderTests" */;
			buildPhases = (
				E4107847202C1CF800996BD6 /* Sources */,
				E4107848202C1CF800996BD6 /* Frameworks */,
				E4107849202C1CF800996BD6 /* Resources */,
			);
			buildRules = (
			);
			dependencies = (
				E410784D202C1CF800996BD6 /* PBXTargetDependency */,
			);
			name = gradientBorderTests;
			productName = gradientBorderTests;
			productReference = E410784B202C1CF800996BD6 /* gradientBorderTests.xctest */;
			productType = "com.apple.product-type.bundle.unit-test";
		};
		E4107855202C1CF800996BD6 /* gradientBorderUITests */ = {
			isa = PBXNativeTarget;
			buildConfigurationList = E4107865202C1CF800996BD6 /* Build configuration list for PBXNativeTarget "gradientBorderUITests" */;
			buildPhases = (
				E4107852202C1CF800996BD6 /* Sources */,
				E4107853202C1CF800996BD6 /* Frameworks */,
				E4107854202C1CF800996BD6 /* Resources */,
			);
			buildRules = (
			);
			dependencies = (
				E4107858202C1CF800996BD6 /* PBXTargetDependency */,
			);
			name = gradientBorderUITests;
			productName = gradientBorderUITests;
			productReference = E4107856202C1CF800996BD6 /* gradientBorderUITests.xctest */;
			productType = "com.apple.product-type.bundle.ui-testing";
		};
/* End PBXNativeTarget section */

/* Begin PBXProject section */
		E410782B202C1CF700996BD6 /* Project object */ = {
			isa = PBXProject;
			attributes = {
				LastUpgradeCheck = 0900;
				ORGANIZATIONNAME = "Manveer Dodiya";
				TargetAttributes = {
					E4107832202C1CF700996BD6 = {
						CreatedOnToolsVersion = 9.0;
						ProvisioningStyle = Automatic;
					};
					E410784A202C1CF800996BD6 = {
						CreatedOnToolsVersion = 9.0;
						ProvisioningStyle = Automatic;
						TestTargetID = E4107832202C1CF700996BD6;
					};
					E4107855202C1CF800996BD6 = {
						CreatedOnToolsVersion = 9.0;
						ProvisioningStyle = Automatic;
						TestTargetID = E4107832202C1CF700996BD6;
					};
				};
			};
			buildConfigurationList = E410782E202C1CF700996BD6 /* Build configuration list for PBXProject "gradientBorder" */;
			compatibilityVersion = "Xcode 8.0";
			developmentRegion = en;
			hasScannedForEncodings = 0;
			knownRegions = (
				en,
				Base,
			);
			mainGroup = E410782A202C1CF700996BD6;
			productRefGroup = E4107834202C1CF700996BD6 /* Products */;
			projectDirPath = "";
			projectRoot = "";
			targets = (
				E4107832202C1CF700996BD6 /* gradientBorder */,
				E410784A202C1CF800996BD6 /* gradientBorderTests */,
				E4107855202C1CF800996BD6 /* gradientBorderUITests */,
			);
		};
/* End PBXProject section */

/* Begin PBXResourcesBuildPhase section */
		E4107831202C1CF700996BD6 /* Resources */ = {
			isa = PBXResourcesBuildPhase;
			buildActionMask = 2147483647;
			files = (
				E4107843202C1CF700996BD6 /* LaunchScreen.storyboard in Resources */,
				E4107840202C1CF700996BD6 /* Assets.xcassets in Resources */,
				E410783E202C1CF700996BD6 /* Main.storyboard in Resources */,
			);
			runOnlyForDeploymentPostprocessing = 0;
		};
		E4107849202C1CF800996BD6 /* Resources */ = {
			isa = PBXResourcesBuildPhase;
			buildActionMask = 2147483647;
			files = (
			);
			runOnlyForDeploymentPostprocessing = 0;
		};
		E4107854202C1CF800996BD6 /* Resources */ = {
			isa = PBXResourcesBuildPhase;
			buildActionMask = 2147483647;
			files = (
			);
			runOnlyForDeploymentPostprocessing = 0;
		};
/* End PBXResourcesBuildPhase section */

/* Begin PBXSourcesBuildPhase section */
		E410782F202C1CF700996BD6 /* Sources */ = {
			isa = PBXSourcesBuildPhase;
			buildActionMask = 2147483647;
			files = (
				E410783B202C1CF700996BD6 /* ViewController.m in Sources */,
				E4107846202C1CF700996BD6 /* main.m in Sources */,
				E4107838202C1CF700996BD6 /* AppDelegate.m in Sources */,
			);
			runOnlyForDeploymentPostprocessing = 0;
		};
		E4107847202C1CF800996BD6 /* Sources */ = {
			isa = PBXSourcesBuildPhase;
			buildActionMask = 2147483647;
			files = (
				E4107850202C1CF800996BD6 /* gradientBorderTests.m in Sources */,
			);
			runOnlyForDeploymentPostprocessing = 0;
		};
		E4107852202C1CF800996BD6 /* Sources */ = {
			isa = PBXSourcesBuildPhase;
			buildActionMask = 2147483647;
			files = (
				E410785B202C1CF800996BD6 /* gradientBorderUITests.m in Sources */,
			);
			runOnlyForDeploymentPostprocessing = 0;
		};
/* End PBXSourcesBuildPhase section */

/* Begin PBXTargetDependency section */
		E410784D202C1CF800996BD6 /* PBXTargetDependency */ = {
			isa = PBXTargetDependency;
			target = E4107832202C1CF700996BD6 /* gradientBorder */;
			targetProxy = E410784C202C1CF800996BD6 /* PBXContainerItemProxy */;
		};
		E4107858202C1CF800996BD6 /* PBXTargetDependency */ = {
			isa = PBXTargetDependency;
			target = E4107832202C1CF700996BD6 /* gradientBorder */;
			targetProxy = E4107857202C1CF800996BD6 /* PBXContainerItemProxy */;
		};
/* End PBXTargetDependency section */

/* Begin PBXVariantGroup section */
		E410783C202C1CF700996BD6 /* Main.storyboard */ = {
			isa = PBXVariantGroup;
			children = (
				E410783D202C1CF700996BD6 /* Base */,
			);
			name = Main.storyboard;
			sourceTree = "<group>";
		};
		E4107841202C1CF700996BD6 /* LaunchScreen.storyboard */ = {
			isa = PBXVariantGroup;
			children = (
				E4107842202C1CF700996BD6 /* Base */,
			);
			name = LaunchScreen.storyboard;
			sourceTree = "<group>";
		};
/* End PBXVariantGroup section */

/* Begin XCBuildConfiguration section */
		E410785D202C1CF800996BD6 /* Debug */ = {
			isa = XCBuildConfiguration;
			buildSettings = {
				ALWAYS_SEARCH_USER_PATHS = NO;
				CLANG_ANALYZER_NONNULL = YES;
				CLANG_ANALYZER_NUMBER_OBJECT_CONVERSION = YES_AGGRESSIVE;
				CLANG_CXX_LANGUAGE_STANDARD = "gnu++14";
				CLANG_CXX_LIBRARY = "libc++";
				CLANG_ENABLE_MODULES = YES;
				CLANG_ENABLE_OBJC_ARC = YES;
				CLANG_WARN_BLOCK_CAPTURE_AUTORELEASING = YES;
				CLANG_WARN_BOOL_CONVERSION = YES;
				CLANG_WARN_COMMA = YES;
				CLANG_WARN_CONSTANT_CONVERSION = YES;
				CLANG_WARN_DIRECT_OBJC_ISA_USAGE = YES_ERROR;
				CLANG_WARN_DOCUMENTATION_COMMENTS = YES;
				CLANG_WARN_EMPTY_BODY = YES;
				CLANG_WARN_ENUM_CONVERSION = YES;
				CLANG_WARN_INFINITE_RECURSION = YES;
				CLANG_WARN_INT_CONVERSION = YES;
				CLANG_WARN_NON_LITERAL_NULL_CONVERSION = YES;
				CLANG_WARN_OBJC_LITERAL_CONVERSION = YES;
				CLANG_WARN_OBJC_ROOT_CLASS = YES_ERROR;
				CLANG_WARN_RANGE_LOOP_ANALYSIS = YES;
				CLANG_WARN_STRICT_PROTOTYPES = YES;
				CLANG_WARN_SUSPICIOUS_MOVE = YES;
				CLANG_WARN_UNGUARDED_AVAILABILITY = YES_AGGRESSIVE;
				CLANG_WARN_UNREACHABLE_CODE = YES;
				CLANG_WARN__DUPLICATE_METHOD_MATCH = YES;
				CODE_SIGN_IDENTITY = "iPhone Developer";
				COPY_PHASE_STRIP = NO;
				DEBUG_INFORMATION_FORMAT = dwarf;
				ENABLE_STRICT_OBJC_MSGSEND = YES;
				ENABLE_TESTABILITY = YES;
				GCC_C_LANGUAGE_STANDARD = gnu11;
				GCC_DYNAMIC_NO_PIC = NO;
				GCC_NO_COMMON_BLOCKS = YES;
				GCC_OPTIMIZATION_LEVEL = 0;
				GCC_PREPROCESSOR_DEFINITIONS = (
					"DEBUG=1",
					"$(inherited)",
				);
				GCC_WARN_64_TO_32_BIT_CONVERSION = YES;
				GCC_WARN_ABOUT_RETURN_TYPE = YES_ERROR;
				GCC_WARN_UNDECLARED_SELECTOR = YES;
				GCC_WARN_UNINITIALIZED_AUTOS = YES_AGGRESSIVE;
				GCC_WARN_UNUSED_FUNCTION = YES;
				GCC_WARN_UNUSED_VARIABLE = YES;
				IPHONEOS_DEPLOYMENT_TARGET = 11.0;
				MTL_ENABLE_DEBUG_INFO = YES;
				ONLY_ACTIVE_ARCH = YES;
				SDKROOT = iphoneos;
			};
			name = Debug;
		};
		E410785E202C1CF800996BD6 /* Release */ = {
			isa = XCBuildConfiguration;
			buildSettings = {
				ALWAYS_SEARCH_USER_PATHS = NO;
				CLANG_ANALYZER_NONNULL = YES;
				CLANG_ANALYZER_NUMBER_OBJECT_CONVERSION = YES_AGGRESSIVE;
				CLANG_CXX_LANGUAGE_STANDARD = "gnu++14";
				CLANG_CXX_LIBRARY = "libc++";
				CLANG_ENABLE_MODULES = YES;
				CLANG_ENABLE_OBJC_ARC = YES;
				CLANG_WARN_BLOCK_CAPTURE_AUTORELEASING = YES;
				CLANG_WARN_BOOL_CONVERSION = YES;
				CLANG_WARN_COMMA = YES;
				CLANG_WARN_CONSTANT_CONVERSION = YES;
				CLANG_WARN_DIRECT_OBJC_ISA_USAGE = YES_ERROR;
				CLANG_WARN_DOCUMENTATION_COMMENTS = YES;
				CLANG_WARN_EMPTY_BODY = YES;
				CLANG_WARN_ENUM_CONVERSION = YES;
				CLANG_WARN_INFINITE_RECURSION = YES;
				CLANG_WARN_INT_CONVERSION = YES;
				CLANG_WARN_NON_LITERAL_NULL_CONVERSION = YES;
				CLANG_WARN_OBJC_LITERAL_CONVERSION = YES;
				CLANG_WARN_OBJC_ROOT_CLASS = YES_ERROR;
				CLANG_WARN_RANGE_LOOP_ANALYSIS = YES;
				CLANG_WARN_STRICT_PROTOTYPES = YES;
				CLANG_WARN_SUSPICIOUS_MOVE = YES;
				CLANG_WARN_UNGUARDED_AVAILABILITY = YES_AGGRESSIVE;
				CLANG_WARN_UNREACHABLE_CODE = YES;
				CLANG_WARN__DUPLICATE_METHOD_MATCH = YES;
				CODE_SIGN_IDENTITY = "iPhone Developer";
				COPY_PHASE_STRIP = NO;
				DEBUG_INFORMATION_FORMAT = "dwarf-with-dsym";
				ENABLE_NS_ASSERTIONS = NO;
				ENABLE_STRICT_OBJC_MSGSEND = YES;
				GCC_C_LANGUAGE_STANDARD = gnu11;
				GCC_NO_COMMON_BLOCKS = YES;
				GCC_WARN_64_TO_32_BIT_CONVERSION = YES;
				GCC_WARN_ABOUT_RETURN_TYPE = YES_ERROR;
				GCC_WARN_UNDECLARED_SELECTOR = YES;
				GCC_WARN_UNINITIALIZED_AUTOS = YES_AGGRESSIVE;
				GCC_WARN_UNUSED_FUNCTION = YES;
				GCC_WARN_UNUSED_VARIABLE = YES;
				IPHONEOS_DEPLOYMENT_TARGET = 11.0;
				MTL_ENABLE_DEBUG_INFO = NO;
				SDKROOT = iphoneos;
				VALIDATE_PRODUCT = YES;
			};
			name = Release;
		};
		E4107860202C1CF800996BD6 /* Debug */ = {
			isa = XCBuildConfiguration;
			buildSettings = {
				ASSETCATALOG_COMPILER_APPICON_NAME = AppIcon;
				CODE_SIGN_STYLE = Automatic;
				INFOPLIST_FILE = gradientBorder/Info.plist;
				LD_RUNPATH_SEARCH_PATHS = "$(inherited) @executable_path/Frameworks";
				PRODUCT_BUNDLE_IDENTIFIER = com.ios.gradientBorder;
				PRODUCT_NAME = "$(TARGET_NAME)";
				TARGETED_DEVICE_FAMILY = "1,2";
			};
			name = Debug;
		};
		E4107861202C1CF800996BD6 /* Release */ = {
			isa = XCBuildConfiguration;
			buildSettings = {
				ASSETCATALOG_COMPILER_APPICON_NAME = AppIcon;
				CODE_SIGN_STYLE = Automatic;
				INFOPLIST_FILE = gradientBorder/Info.plist;
				LD_RUNPATH_SEARCH_PATHS = "$(inherited) @executable_path/Frameworks";
				PRODUCT_BUNDLE_IDENTIFIER = com.ios.gradientBorder;
				PRODUCT_NAME = "$(TARGET_NAME)";
				TARGETED_DEVICE_FAMILY = "1,2";
			};
			name = Release;
		};
		E4107863202C1CF800996BD6 /* Debug */ = {
			isa = XCBuildConfiguration;
			buildSettings = {
				BUNDLE_LOADER = "$(TEST_HOST)";
				CODE_SIGN_STYLE = Automatic;
				INFOPLIST_FILE = gradientBorderTests/Info.plist;
				LD_RUNPATH_SEARCH_PATHS = "$(inherited) @executable_path/Frameworks @loader_path/Frameworks";
				PRODUCT_BUNDLE_IDENTIFIER = com.ios.gradientBorderTests;
				PRODUCT_NAME = "$(TARGET_NAME)";
				TARGETED_DEVICE_FAMILY = "1,2";
				TEST_HOST = "$(BUILT_PRODUCTS_DIR)/gradientBorder.app/gradientBorder";
			};
			name = Debug;
		};
		E4107864202C1CF800996BD6 /* Release */ = {
			isa = XCBuildConfiguration;
			buildSettings = {
				BUNDLE_LOADER = "$(TEST_HOST)";
				CODE_SIGN_STYLE = Automatic;
				INFOPLIST_FILE = gradientBorderTests/Info.plist;
				LD_RUNPATH_SEARCH_PATHS = "$(inherited) @executable_path/Frameworks @loader_path/Frameworks";
				PRODUCT_BUNDLE_IDENTIFIER = com.ios.gradientBorderTests;
				PRODUCT_NAME = "$(TARGET_NAME)";
				TARGETED_DEVICE_FAMILY = "1,2";
				TEST_HOST = "$(BUILT_PRODUCTS_DIR)/gradientBorder.app/gradientBorder";
			};
			name = Release;
		};
		E4107866202C1CF800996BD6 /* Debug */ = {
			isa = XCBuildConfiguration;
			buildSettings = {
				CODE_SIGN_STYLE = Automatic;
				INFOPLIST_FILE = gradientBorderUITests/Info.plist;
				LD_RUNPATH_SEARCH_PATHS = "$(inherited) @executable_path/Frameworks @loader_path/Frameworks";
				PRODUCT_BUNDLE_IDENTIFIER = com.ios.gradientBorderUITests;
				PRODUCT_NAME = "$(TARGET_NAME)";
				TARGETED_DEVICE_FAMILY = "1,2";
				TEST_TARGET_NAME = gradientBorder;
			};
			name = Debug;
		};
		E4107867202C1CF800996BD6 /* Release */ = {
			isa = XCBuildConfiguration;
			buildSettings = {
				CODE_SIGN_STYLE = Automatic;
				INFOPLIST_FILE = gradientBorderUITests/Info.plist;
				LD_RUNPATH_SEARCH_PATHS = "$(inherited) @executable_path/Frameworks @loader_path/Frameworks";
				PRODUCT_BUNDLE_IDENTIFIER = com.ios.gradientBorderUITests;
				PRODUCT_NAME = "$(TARGET_NAME)";
				TARGETED_DEVICE_FAMILY = "1,2";
				TEST_TARGET_NAME = gradientBorder;
			};
			name = Release;
		};
/* End XCBuildConfiguration section */

/* Begin XCConfigurationList section */
		E410782E202C1CF700996BD6 /* Build configuration list for PBXProject "gradientBorder" */ = {
			isa = XCConfigurationList;
			buildConfigurations = (
				E410785D202C1CF800996BD6 /* Debug */,
				E410785E202C1CF800996BD6 /* Release */,
			);
			defaultConfigurationIsVisible = 0;
			defaultConfigurationName = Release;
		};
		E410785F202C1CF800996BD6 /* Build configuration list for PBXNativeTarget "gradientBorder" */ = {
			isa = XCConfigurationList;
			buildConfigurations = (
				E4107860202C1CF800996BD6 /* Debug */,
				E4107861202C1CF800996BD6 /* Release */,
			);
			defaultConfigurationIsVisible = 0;
			defaultConfigurationName = Release;
		};
		E4107862202C1CF800996BD6 /* Build configuration list for PBXNativeTarget "gradientBorderTests" */ = {
			isa = XCConfigurationList;
			buildConfigurations = (
				E4107863202C1CF800996BD6 /* Debug */,
				E4107864202C1CF800996BD6 /* Release */,
			);
			defaultConfigurationIsVisible = 0;
			defaultConfigurationName = Release;
		};
		E4107865202C1CF800996BD6 /* Build configuration list for PBXNativeTarget "gradientBorderUITests" */ = {
			isa = XCConfigurationList;
			buildConfigurations = (
				E4107866202C1CF800996BD6 /* Debug */,
				E4107867202C1CF800996BD6 /* Release */,
			);
			defaultConfigurationIsVisible = 0;
			defaultConfigurationName = Release;
		};
/* End XCConfigurationList section */
	};
	rootObject = E410782B202C1CF700996BD6 /* Project object */;
}
